
Microsoft Visual Studio Solution File, Format Version 12.00
# Visual Studio 15
VisualStudioVersion = 15.0.27130.2036
MinimumVisualStudioVersion = 10.0.40219.1
Project("{2150E333-8FDC-42A3-9474-1A3956D46DE8}") = "ApiGateways", "ApiGateways", "{527F95A8-D291-4797-AA83-E8858CBDF262}"
EndProject
Project("{2150E333-8FDC-42A3-9474-1A3956D46DE8}") = "Services", "Services", "{85A24794-0E94-457C-A087-AB7FA76C1234}"
EndProject
Project("{2150E333-8FDC-42A3-9474-1A3956D46DE8}") = "ProductCatalog", "ProductCatalog", "{B1B01E7F-9D5F-4C32-A51A-C6AF02CEDCDF}"
EndProject
Project("{9A19103F-16F7-4668-BE54-9A1E7A4F7556}") = "ProductCatalog.DataLayer", "..\..\Services\ProductCatalog\ProductCatalog.DataLayer\ProductCatalog.DataLayer.csproj", "{C4B929FB-081E-409F-AE52-C006656ED469}"
EndProject
Project("{9A19103F-16F7-4668-BE54-9A1E7A4F7556}") = "ProductCatalogApi", "..\..\Services\ProductCatalog\ProductCatalogApi\ProductCatalogApi.csproj", "{32B3F7A0-264C-49F9-A713-12696776B326}"
EndProject
Project("{2150E333-8FDC-42A3-9474-1A3956D46DE8}") = "UserManager", "UserManager", "{6D5AE910-2A4B-4F01-8D22-90138D2A029D}"
EndProject
Project("{9A19103F-16F7-4668-BE54-9A1E7A4F7556}") = "UserApi", "..\..\Services\UserManager\UserApi\UserApi.csproj", "{04D64711-73CB-4C27-88FF-7F8E95B33BD0}"
EndProject
Project("{2150E333-8FDC-42A3-9474-1A3956D46DE8}") = "Bff", "Bff", "{B955209E-EE3E-4A46-B61C-7204FB1318A1}"
EndProject
Project("{9A19103F-16F7-4668-BE54-9A1E7A4F7556}") = "WebUIGateWayApi", "..\..\ApiGateways\Bff\WebUIGateWayApi.csproj", "{D16E02E5-AC8E-4579-9BA3-25076DBBD3A2}"
EndProject
Project("{2150E333-8FDC-42A3-9474-1A3956D46DE8}") = "Utilities", "Utilities", "{1F399CFA-0F7F-465D-B29B-43805B615AC6}"
EndProject
Project("{2150E333-8FDC-42A3-9474-1A3956D46DE8}") = "Rest", "Rest", "{86CD3A88-8CCB-4BA6-9033-96E319214607}"
EndProject
Project("{9A19103F-16F7-4668-BE54-9A1E7A4F7556}") = "Rest.Core", "..\..\Utilities\Rest\Rest.Core\Rest.Core.csproj", "{562D9EC5-1282-488E-95F5-77904C57EB04}"
EndProject
Project("{9A19103F-16F7-4668-BE54-9A1E7A4F7556}") = "Rest.Implementation", "..\..\Utilities\Rest\Rest.Implementation\Rest.Implementation.csproj", "{A7FD9462-8131-4E21-9E00-53310F0CE621}"
EndProject
Project("{9A19103F-16F7-4668-BE54-9A1E7A4F7556}") = "Rest.Implementation.RestSharp", "..\..\Utilities\Rest\Rest.Implementation.RestSharp\Rest.Implementation.RestSharp.csproj", "{42CAF9AA-17C0-4295-8F6D-4D4C58E2FA99}"
EndProject
Project("{9A19103F-16F7-4668-BE54-9A1E7A4F7556}") = "Rest.Demo", "..\..\Utilities\Rest\Rest.Demo\Rest.Demo.csproj", "{9FB50F20-C1E7-4A25-9C17-A8AF36B47FB9}"
EndProject
Project("{9A19103F-16F7-4668-BE54-9A1E7A4F7556}") = "UserApi.Services", "..\..\Services\UserManager\UserApi.Services\UserApi.Services.csproj", "{AE2D8F32-F9CE-43C2-ADB2-50034D2E0EC7}"
EndProject
Project("{2150E333-8FDC-42A3-9474-1A3956D46DE8}") = "Log", "Log", "{E8295ECC-DC83-49F3-AC29-C5E29B94029C}"
EndProject
Project("{9A19103F-16F7-4668-BE54-9A1E7A4F7556}") = "RabitMqConsumerDemo", "..\..\Utilities\Log\Demo\RabitMqConsumerDemo\RabitMqConsumerDemo.csproj", "{8D46ABEA-A309-4B9E-B515-57FAEC5592DB}"
EndProject
Project("{9A19103F-16F7-4668-BE54-9A1E7A4F7556}") = "Logger.Implementation.Log4Net", "..\..\Utilities\Log\Logger.Implementation.Log4Net\Logger.Implementation.Log4Net.csproj", "{37856369-1CE8-4ACE-B8A3-225C345D56F2}"
EndProject
Project("{9A19103F-16F7-4668-BE54-9A1E7A4F7556}") = "Logger.Implementation.RabitMQ", "..\..\Utilities\Log\Logger.Implementation.RabitMQ\Logger.Implementation.RabitMQ.csproj", "{52B6D2B3-F9DF-4A06-BA08-576879F3684A}"
EndProject
Project("{9A19103F-16F7-4668-BE54-9A1E7A4F7556}") = "ConsoleTest", "..\..\Utilities\Log\Demo\ConsoleTest\ConsoleTest.csproj", "{29818826-001C-447A-8F33-B527D2FEBB2B}"
EndProject
Project("{9A19103F-16F7-4668-BE54-9A1E7A4F7556}") = "Logger.Core", "..\..\Utilities\Log\Logger.Core\Logger.Core.csproj", "{D289C10F-9971-41E3-92F8-07BA695C898E}"
EndProject
Project("{2150E333-8FDC-42A3-9474-1A3956D46DE8}") = "Cache", "Cache", "{D683D8FB-A59F-44B7-8C58-2F6B7634056C}"
EndProject
Project("{9A19103F-16F7-4668-BE54-9A1E7A4F7556}") = "CacheConsole", "..\..\Utilities\Cache\Demo\CacheConsole\CacheConsole.csproj", "{60C7A2F8-CF04-472A-9489-4093F760138B}"
EndProject
Project("{9A19103F-16F7-4668-BE54-9A1E7A4F7556}") = "Cache.Core", "..\..\Utilities\Cache\Cache.Core\Cache.Core.csproj", "{3B5560A3-E7D2-4C9C-94E1-6D2C2562C57D}"
EndProject
Project("{FAE04EC0-301F-11D3-BF4B-00C04F79EFBC}") = "ProductApi.UnitTests", "..\..\Services\ProductCatalog\UnitTests\ProductApi.UnitTests.csproj", "{97E2B352-749B-4F30-96D5-42307986BE5E}"
EndProject
Global
	GlobalSection(SolutionConfigurationPlatforms) = preSolution
		Debug|Any CPU = Debug|Any CPU
		Release|Any CPU = Release|Any CPU
	EndGlobalSection
	GlobalSection(ProjectConfigurationPlatforms) = postSolution
		{C4B929FB-081E-409F-AE52-C006656ED469}.Debug|Any CPU.ActiveCfg = Debug|Any CPU
		{C4B929FB-081E-409F-AE52-C006656ED469}.Debug|Any CPU.Build.0 = Debug|Any CPU
		{C4B929FB-081E-409F-AE52-C006656ED469}.Release|Any CPU.ActiveCfg = Release|Any CPU
		{C4B929FB-081E-409F-AE52-C006656ED469}.Release|Any CPU.Build.0 = Release|Any CPU
		{32B3F7A0-264C-49F9-A713-12696776B326}.Debug|Any CPU.ActiveCfg = Debug|Any CPU
		{32B3F7A0-264C-49F9-A713-12696776B326}.Debug|Any CPU.Build.0 = Debug|Any CPU
		{32B3F7A0-264C-49F9-A713-12696776B326}.Release|Any CPU.ActiveCfg = Release|Any CPU
		{32B3F7A0-264C-49F9-A713-12696776B326}.Release|Any CPU.Build.0 = Release|Any CPU
		{04D64711-73CB-4C27-88FF-7F8E95B33BD0}.Debug|Any CPU.ActiveCfg = Debug|Any CPU
		{04D64711-73CB-4C27-88FF-7F8E95B33BD0}.Debug|Any CPU.Build.0 = Debug|Any CPU
		{04D64711-73CB-4C27-88FF-7F8E95B33BD0}.Release|Any CPU.ActiveCfg = Release|Any CPU
		{04D64711-73CB-4C27-88FF-7F8E95B33BD0}.Release|Any CPU.Build.0 = Release|Any CPU
		{D16E02E5-AC8E-4579-9BA3-25076DBBD3A2}.Debug|Any CPU.ActiveCfg = Debug|Any CPU
		{D16E02E5-AC8E-4579-9BA3-25076DBBD3A2}.Debug|Any CPU.Build.0 = Debug|Any CPU
		{D16E02E5-AC8E-4579-9BA3-25076DBBD3A2}.Release|Any CPU.ActiveCfg = Release|Any CPU
		{D16E02E5-AC8E-4579-9BA3-25076DBBD3A2}.Release|Any CPU.Build.0 = Release|Any CPU
		{562D9EC5-1282-488E-95F5-77904C57EB04}.Debug|Any CPU.ActiveCfg = Debug|Any CPU
		{562D9EC5-1282-488E-95F5-77904C57EB04}.Debug|Any CPU.Build.0 = Debug|Any CPU
		{562D9EC5-1282-488E-95F5-77904C57EB04}.Release|Any CPU.ActiveCfg = Release|Any CPU
		{562D9EC5-1282-488E-95F5-77904C57EB04}.Release|Any CPU.Build.0 = Release|Any CPU
		{A7FD9462-8131-4E21-9E00-53310F0CE621}.Debug|Any CPU.ActiveCfg = Debug|Any CPU
		{A7FD9462-8131-4E21-9E00-53310F0CE621}.Debug|Any CPU.Build.0 = Debug|Any CPU
		{A7FD9462-8131-4E21-9E00-53310F0CE621}.Release|Any CPU.ActiveCfg = Release|Any CPU
		{A7FD9462-8131-4E21-9E00-53310F0CE621}.Release|Any CPU.Build.0 = Release|Any CPU
		{42CAF9AA-17C0-4295-8F6D-4D4C58E2FA99}.Debug|Any CPU.ActiveCfg = Debug|Any CPU
		{42CAF9AA-17C0-4295-8F6D-4D4C58E2FA99}.Debug|Any CPU.Build.0 = Debug|Any CPU
		{42CAF9AA-17C0-4295-8F6D-4D4C58E2FA99}.Release|Any CPU.ActiveCfg = Release|Any CPU
		{42CAF9AA-17C0-4295-8F6D-4D4C58E2FA99}.Release|Any CPU.Build.0 = Release|Any CPU
		{9FB50F20-C1E7-4A25-9C17-A8AF36B47FB9}.Debug|Any CPU.ActiveCfg = Debug|Any CPU
		{9FB50F20-C1E7-4A25-9C17-A8AF36B47FB9}.Debug|Any CPU.Build.0 = Debug|Any CPU
		{9FB50F20-C1E7-4A25-9C17-A8AF36B47FB9}.Release|Any CPU.ActiveCfg = Release|Any CPU
		{9FB50F20-C1E7-4A25-9C17-A8AF36B47FB9}.Release|Any CPU.Build.0 = Release|Any CPU
		{AE2D8F32-F9CE-43C2-ADB2-50034D2E0EC7}.Debug|Any CPU.ActiveCfg = Debug|Any CPU
		{AE2D8F32-F9CE-43C2-ADB2-50034D2E0EC7}.Debug|Any CPU.Build.0 = Debug|Any CPU
		{AE2D8F32-F9CE-43C2-ADB2-50034D2E0EC7}.Release|Any CPU.ActiveCfg = Release|Any CPU
		{AE2D8F32-F9CE-43C2-ADB2-50034D2E0EC7}.Release|Any CPU.Build.0 = Release|Any CPU
		{8D46ABEA-A309-4B9E-B515-57FAEC5592DB}.Debug|Any CPU.ActiveCfg = Debug|Any CPU
		{8D46ABEA-A309-4B9E-B515-57FAEC5592DB}.Debug|Any CPU.Build.0 = Debug|Any CPU
		{8D46ABEA-A309-4B9E-B515-57FAEC5592DB}.Release|Any CPU.ActiveCfg = Release|Any CPU
		{8D46ABEA-A309-4B9E-B515-57FAEC5592DB}.Release|Any CPU.Build.0 = Release|Any CPU
		{37856369-1CE8-4ACE-B8A3-225C345D56F2}.Debug|Any CPU.ActiveCfg = Debug|Any CPU
		{37856369-1CE8-4ACE-B8A3-225C345D56F2}.Debug|Any CPU.Build.0 = Debug|Any CPU
		{37856369-1CE8-4ACE-B8A3-225C345D56F2}.Release|Any CPU.ActiveCfg = Release|Any CPU
		{37856369-1CE8-4ACE-B8A3-225C345D56F2}.Release|Any CPU.Build.0 = Release|Any CPU
		{52B6D2B3-F9DF-4A06-BA08-576879F3684A}.Debug|Any CPU.ActiveCfg = Debug|Any CPU
		{52B6D2B3-F9DF-4A06-BA08-576879F3684A}.Debug|Any CPU.Build.0 = Debug|Any CPU
		{52B6D2B3-F9DF-4A06-BA08-576879F3684A}.Release|Any CPU.ActiveCfg = Release|Any CPU
		{52B6D2B3-F9DF-4A06-BA08-576879F3684A}.Release|Any CPU.Build.0 = Release|Any CPU
		{29818826-001C-447A-8F33-B527D2FEBB2B}.Debug|Any CPU.ActiveCfg = Debug|Any CPU
		{29818826-001C-447A-8F33-B527D2FEBB2B}.Debug|Any CPU.Build.0 = Debug|Any CPU
		{29818826-001C-447A-8F33-B527D2FEBB2B}.Release|Any CPU.ActiveCfg = Release|Any CPU
		{29818826-001C-447A-8F33-B527D2FEBB2B}.Release|Any CPU.Build.0 = Release|Any CPU
		{D289C10F-9971-41E3-92F8-07BA695C898E}.Debug|Any CPU.ActiveCfg = Debug|Any CPU
		{D289C10F-9971-41E3-92F8-07BA695C898E}.Debug|Any CPU.Build.0 = Debug|Any CPU
		{D289C10F-9971-41E3-92F8-07BA695C898E}.Release|Any CPU.ActiveCfg = Release|Any CPU
		{D289C10F-9971-41E3-92F8-07BA695C898E}.Release|Any CPU.Build.0 = Release|Any CPU
		{60C7A2F8-CF04-472A-9489-4093F760138B}.Debug|Any CPU.ActiveCfg = Debug|Any CPU
		{60C7A2F8-CF04-472A-9489-4093F760138B}.Debug|Any CPU.Build.0 = Debug|Any CPU
		{60C7A2F8-CF04-472A-9489-4093F760138B}.Release|Any CPU.ActiveCfg = Release|Any CPU
		{60C7A2F8-CF04-472A-9489-4093F760138B}.Release|Any CPU.Build.0 = Release|Any CPU
		{3B5560A3-E7D2-4C9C-94E1-6D2C2562C57D}.Debug|Any CPU.ActiveCfg = Debug|Any CPU
		{3B5560A3-E7D2-4C9C-94E1-6D2C2562C57D}.Debug|Any CPU.Build.0 = Debug|Any CPU
		{3B5560A3-E7D2-4C9C-94E1-6D2C2562C57D}.Release|Any CPU.ActiveCfg = Release|Any CPU
		{3B5560A3-E7D2-4C9C-94E1-6D2C2562C57D}.Release|Any CPU.Build.0 = Release|Any CPU
		{97E2B352-749B-4F30-96D5-42307986BE5E}.Debug|Any CPU.ActiveCfg = Debug|Any CPU
		{97E2B352-749B-4F30-96D5-42307986BE5E}.Debug|Any CPU.Build.0 = Debug|Any CPU
		{97E2B352-749B-4F30-96D5-42307986BE5E}.Release|Any CPU.ActiveCfg = Release|Any CPU
		{97E2B352-749B-4F30-96D5-42307986BE5E}.Release|Any CPU.Build.0 = Release|Any CPU
	EndGlobalSection
	GlobalSection(SolutionProperties) = preSolution
		HideSolutionNode = FALSE
	EndGlobalSection
	GlobalSection(NestedProjects) = preSolution
		{B1B01E7F-9D5F-4C32-A51A-C6AF02CEDCDF} = {85A24794-0E94-457C-A087-AB7FA76C1234}
		{C4B929FB-081E-409F-AE52-C006656ED469} = {B1B01E7F-9D5F-4C32-A51A-C6AF02CEDCDF}
		{32B3F7A0-264C-49F9-A713-12696776B326} = {B1B01E7F-9D5F-4C32-A51A-C6AF02CEDCDF}
		{6D5AE910-2A4B-4F01-8D22-90138D2A029D} = {85A24794-0E94-457C-A087-AB7FA76C1234}
		{04D64711-73CB-4C27-88FF-7F8E95B33BD0} = {6D5AE910-2A4B-4F01-8D22-90138D2A029D}
		{B955209E-EE3E-4A46-B61C-7204FB1318A1} = {527F95A8-D291-4797-AA83-E8858CBDF262}
		{D16E02E5-AC8E-4579-9BA3-25076DBBD3A2} = {B955209E-EE3E-4A46-B61C-7204FB1318A1}
		{86CD3A88-8CCB-4BA6-9033-96E319214607} = {1F399CFA-0F7F-465D-B29B-43805B615AC6}
		{562D9EC5-1282-488E-95F5-77904C57EB04} = {86CD3A88-8CCB-4BA6-9033-96E319214607}
		{A7FD9462-8131-4E21-9E00-53310F0CE621} = {86CD3A88-8CCB-4BA6-9033-96E319214607}
		{42CAF9AA-17C0-4295-8F6D-4D4C58E2FA99} = {86CD3A88-8CCB-4BA6-9033-96E319214607}
		{9FB50F20-C1E7-4A25-9C17-A8AF36B47FB9} = {86CD3A88-8CCB-4BA6-9033-96E319214607}
		{AE2D8F32-F9CE-43C2-ADB2-50034D2E0EC7} = {6D5AE910-2A4B-4F01-8D22-90138D2A029D}
		{E8295ECC-DC83-49F3-AC29-C5E29B94029C} = {1F399CFA-0F7F-465D-B29B-43805B615AC6}
		{8D46ABEA-A309-4B9E-B515-57FAEC5592DB} = {E8295ECC-DC83-49F3-AC29-C5E29B94029C}
		{37856369-1CE8-4ACE-B8A3-225C345D56F2} = {E8295ECC-DC83-49F3-AC29-C5E29B94029C}
		{52B6D2B3-F9DF-4A06-BA08-576879F3684A} = {E8295ECC-DC83-49F3-AC29-C5E29B94029C}
		{29818826-001C-447A-8F33-B527D2FEBB2B} = {E8295ECC-DC83-49F3-AC29-C5E29B94029C}
		{D289C10F-9971-41E3-92F8-07BA695C898E} = {E8295ECC-DC83-49F3-AC29-C5E29B94029C}
		{D683D8FB-A59F-44B7-8C58-2F6B7634056C} = {1F399CFA-0F7F-465D-B29B-43805B615AC6}
		{60C7A2F8-CF04-472A-9489-4093F760138B} = {D683D8FB-A59F-44B7-8C58-2F6B7634056C}
		{3B5560A3-E7D2-4C9C-94E1-6D2C2562C57D} = {D683D8FB-A59F-44B7-8C58-2F6B7634056C}
		{97E2B352-749B-4F30-96D5-42307986BE5E} = {B1B01E7F-9D5F-4C32-A51A-C6AF02CEDCDF}
	EndGlobalSection
	GlobalSection(ExtensibilityGlobals) = postSolution
		SolutionGuid = {F256E4DB-AF2B-45F4-A983-DBABECC65D43}
	EndGlobalSection
EndGlobal
